hash: 9b825de265967baad73298b09862fcc6f534b44aaf806e5467a27466edac0805
updated: 2018-12-06T08:59:46.870269+08:00
imports:
- name: github.com/gorilla/context
  version: 51ce91d2eaddeca0ef29a71d766bb3634dadf729
- name: github.com/gorilla/mux
  version: e3702bed27f0d39777b0b37b664b6280e8ef8fbf
testImports: []
